
Microsoft Visual Studio Solution File, Format Version 12.00
# Visual Studio Version 16
VisualStudioVersion = 16.0.31702.278
MinimumVisualStudioVersion = 10.0.40219.1
Project("{9A19103F-16F7-4668-BE54-9A1E7A4F7556}") = "DYHVN3_HFT_2021221.Client", "DYHVN3_HFT_2021221.Client\DYHVN3_HFT_2021221.Client.csproj", "{8A7D4346-3C3F-449E-AF8C-557766C11D8D}"
EndProject
Project("{9A19103F-16F7-4668-BE54-9A1E7A4F7556}") = "DYHVN3_HFT_2021221.Models", "DYHVN3_HFT_2021221.Models\DYHVN3_HFT_2021221.Models.csproj", "{E7109483-C460-494A-A644-FDA62EEBBFCD}"
EndProject
Project("{9A19103F-16F7-4668-BE54-9A1E7A4F7556}") = "DYHVN3_HFT_2021221.Data", "DYHVN3_HFT_2021221.Data\DYHVN3_HFT_2021221.Data.csproj", "{5F957E55-2770-4CCB-8C3D-2855F54CB6D1}"
EndProject
Project("{9A19103F-16F7-4668-BE54-9A1E7A4F7556}") = "DYHVN3_HFT_2021221.Logic", "DYHVN3_HFT_2021221.Logic\DYHVN3_HFT_2021221.Logic.csproj", "{91129831-4B83-42DF-BA81-D8721CC804BE}"
EndProject
Project("{9A19103F-16F7-4668-BE54-9A1E7A4F7556}") = "DYHVN3_HFT_2021221.Endpoint", "DYHVN3_HFT_2021221.Endpoint\DYHVN3_HFT_2021221.Endpoint.csproj", "{7E3ECE7D-8DBD-4B7C-89BB-2A8DD740FCD3}"
EndProject
Project("{9A19103F-16F7-4668-BE54-9A1E7A4F7556}") = "DYHVN3_HFT_2021221.Test", "DYHVN3_HFT_2021221.Test\DYHVN3_HFT_2021221.Test.csproj", "{6DFF88EB-B6EC-408C-9D2D-5E6430A526BC}"
EndProject
Project("{2150E333-8FDC-42A3-9474-1A3956D46DE8}") = "Backend", "Backend", "{E13AD36A-4BA8-498A-9B36-5B2882E6C9AD}"
EndProject
Project("{2150E333-8FDC-42A3-9474-1A3956D46DE8}") = "Frontend", "Frontend", "{805759FD-8598-4ED8-B14A-159354CF1468}"
EndProject
Project("{2150E333-8FDC-42A3-9474-1A3956D46DE8}") = "Shared", "Shared", "{EA3F1D24-EBF1-4BB1-98FC-D140A352ECDB}"
EndProject
Project("{2150E333-8FDC-42A3-9474-1A3956D46DE8}") = "Others", "Others", "{3E0C2E2A-384A-451D-A2E3-00C84C3DC02B}"
	ProjectSection(SolutionItems) = preProject
		.gitignore = .gitignore
	EndProjectSection
EndProject
Project("{9A19103F-16F7-4668-BE54-9A1E7A4F7556}") = "DYHVN3_HFT_2021221.Repository", "DYHVN3_HFT_2021221.Repository\DYHVN3_HFT_2021221.Repository.csproj", "{76BA0DDA-914E-47C4-8048-119B2517CA71}"
EndProject
Project("{FAE04EC0-301F-11D3-BF4B-00C04F79EFBC}") = "DYHVN3_HFT_2021221.WpfClient", "DYHVN3_HFT_2021221.WpfClient\DYHVN3_HFT_2021221.WpfClient.csproj", "{2D38A749-F720-4E9C-90A7-9C46DD18DDA1}"
EndProject
Global
	GlobalSection(SolutionConfigurationPlatforms) = preSolution
		Debug|Any CPU = Debug|Any CPU
		Release|Any CPU = Release|Any CPU
	EndGlobalSection
	GlobalSection(ProjectConfigurationPlatforms) = postSolution
		{8A7D4346-3C3F-449E-AF8C-557766C11D8D}.Debug|Any CPU.ActiveCfg = Debug|Any CPU
		{8A7D4346-3C3F-449E-AF8C-557766C11D8D}.Debug|Any CPU.Build.0 = Debug|Any CPU
		{8A7D4346-3C3F-449E-AF8C-557766C11D8D}.Release|Any CPU.ActiveCfg = Release|Any CPU
		{8A7D4346-3C3F-449E-AF8C-557766C11D8D}.Release|Any CPU.Build.0 = Release|Any CPU
		{E7109483-C460-494A-A644-FDA62EEBBFCD}.Debug|Any CPU.ActiveCfg = Debug|Any CPU
		{E7109483-C460-494A-A644-FDA62EEBBFCD}.Debug|Any CPU.Build.0 = Debug|Any CPU
		{E7109483-C460-494A-A644-FDA62EEBBFCD}.Release|Any CPU.ActiveCfg = Release|Any CPU
		{E7109483-C460-494A-A644-FDA62EEBBFCD}.Release|Any CPU.Build.0 = Release|Any CPU
		{5F957E55-2770-4CCB-8C3D-2855F54CB6D1}.Debug|Any CPU.ActiveCfg = Debug|Any CPU
		{5F957E55-2770-4CCB-8C3D-2855F54CB6D1}.Debug|Any CPU.Build.0 = Debug|Any CPU
		{5F957E55-2770-4CCB-8C3D-2855F54CB6D1}.Release|Any CPU.ActiveCfg = Release|Any CPU
		{5F957E55-2770-4CCB-8C3D-2855F54CB6D1}.Release|Any CPU.Build.0 = Release|Any CPU
		{91129831-4B83-42DF-BA81-D8721CC804BE}.Debug|Any CPU.ActiveCfg = Debug|Any CPU
		{91129831-4B83-42DF-BA81-D8721CC804BE}.Debug|Any CPU.Build.0 = Debug|Any CPU
		{91129831-4B83-42DF-BA81-D8721CC804BE}.Release|Any CPU.ActiveCfg = Release|Any CPU
		{91129831-4B83-42DF-BA81-D8721CC804BE}.Release|Any CPU.Build.0 = Release|Any CPU
		{7E3ECE7D-8DBD-4B7C-89BB-2A8DD740FCD3}.Debug|Any CPU.ActiveCfg = Debug|Any CPU
		{7E3ECE7D-8DBD-4B7C-89BB-2A8DD740FCD3}.Debug|Any CPU.Build.0 = Debug|Any CPU
		{7E3ECE7D-8DBD-4B7C-89BB-2A8DD740FCD3}.Release|Any CPU.ActiveCfg = Release|Any CPU
		{7E3ECE7D-8DBD-4B7C-89BB-2A8DD740FCD3}.Release|Any CPU.Build.0 = Release|Any CPU
		{6DFF88EB-B6EC-408C-9D2D-5E6430A526BC}.Debug|Any CPU.ActiveCfg = Debug|Any CPU
		{6DFF88EB-B6EC-408C-9D2D-5E6430A526BC}.Debug|Any CPU.Build.0 = Debug|Any CPU
		{6DFF88EB-B6EC-408C-9D2D-5E6430A526BC}.Release|Any CPU.ActiveCfg = Release|Any CPU
		{6DFF88EB-B6EC-408C-9D2D-5E6430A526BC}.Release|Any CPU.Build.0 = Release|Any CPU
		{76BA0DDA-914E-47C4-8048-119B2517CA71}.Debug|Any CPU.ActiveCfg = Debug|Any CPU
		{76BA0DDA-914E-47C4-8048-119B2517CA71}.Debug|Any CPU.Build.0 = Debug|Any CPU
		{76BA0DDA-914E-47C4-8048-119B2517CA71}.Release|Any CPU.ActiveCfg = Release|Any CPU
		{76BA0DDA-914E-47C4-8048-119B2517CA71}.Release|Any CPU.Build.0 = Release|Any CPU
		{2D38A749-F720-4E9C-90A7-9C46DD18DDA1}.Debug|Any CPU.ActiveCfg = Debug|Any CPU
		{2D38A749-F720-4E9C-90A7-9C46DD18DDA1}.Debug|Any CPU.Build.0 = Debug|Any CPU
		{2D38A749-F720-4E9C-90A7-9C46DD18DDA1}.Release|Any CPU.ActiveCfg = Release|Any CPU
		{2D38A749-F720-4E9C-90A7-9C46DD18DDA1}.Release|Any CPU.Build.0 = Release|Any CPU
	EndGlobalSection
	GlobalSection(SolutionProperties) = preSolution
		HideSolutionNode = FALSE
	EndGlobalSection
	GlobalSection(NestedProjects) = preSolution
		{8A7D4346-3C3F-449E-AF8C-557766C11D8D} = {805759FD-8598-4ED8-B14A-159354CF1468}
		{E7109483-C460-494A-A644-FDA62EEBBFCD} = {EA3F1D24-EBF1-4BB1-98FC-D140A352ECDB}
		{5F957E55-2770-4CCB-8C3D-2855F54CB6D1} = {E13AD36A-4BA8-498A-9B36-5B2882E6C9AD}
		{91129831-4B83-42DF-BA81-D8721CC804BE} = {E13AD36A-4BA8-498A-9B36-5B2882E6C9AD}
		{7E3ECE7D-8DBD-4B7C-89BB-2A8DD740FCD3} = {E13AD36A-4BA8-498A-9B36-5B2882E6C9AD}
		{6DFF88EB-B6EC-408C-9D2D-5E6430A526BC} = {E13AD36A-4BA8-498A-9B36-5B2882E6C9AD}
		{76BA0DDA-914E-47C4-8048-119B2517CA71} = {E13AD36A-4BA8-498A-9B36-5B2882E6C9AD}
		{2D38A749-F720-4E9C-90A7-9C46DD18DDA1} = {805759FD-8598-4ED8-B14A-159354CF1468}
	EndGlobalSection
	GlobalSection(ExtensibilityGlobals) = postSolution
		SolutionGuid = {B7C44E35-64AE-4384-A9E7-A5686125540F}
	EndGlobalSection
EndGlobal
